// !$*UTF8*$!
{
	archiveVersion = 1;
	classes = {
	};
	objectVersion = 55;
	objects = {

/* Begin PBXBuildFile section */
		FD58A7D828242A50009C7784 /* AppDelegate.swift in Sources */ = {isa = PBXBuildFile; fileRef = FD58A7D728242A50009C7784 /* AppDelegate.swift */; };
		FD58A7DA28242A50009C7784 /* SceneDelegate.swift in Sources */ = {isa = PBXBuildFile; fileRef = FD58A7D928242A50009C7784 /* SceneDelegate.swift */; };
		FD58A7DC28242A50009C7784 /* ViewController.swift in Sources */ = {isa = PBXBuildFile; fileRef = FD58A7DB28242A50009C7784 /* ViewController.swift */; };
		FD58A7DF28242A50009C7784 /* Main.storyboard in Resources */ = {isa = PBXBuildFile; fileRef = FD58A7DD28242A50009C7784 /* Main.storyboard */; };
		FD58A7E128242A50009C7784 /* Assets.xcassets in Resources */ = {isa = PBXBuildFile; fileRef = FD58A7E028242A50009C7784 /* Assets.xcassets */; };
		FD58A7E428242A50009C7784 /* LaunchScreen.storyboard in Resources */ = {isa = PBXBuildFile; fileRef = FD58A7E228242A50009C7784 /* LaunchScreen.storyboard */; };
		FD58A7EF28242A51009C7784 /* SliderTests.swift in Sources */ = {isa = PBXBuildFile; fileRef = FD58A7EE28242A51009C7784 /* SliderTests.swift */; };
		FD58A7F928242A51009C7784 /* SliderUITests.swift in Sources */ = {isa = PBXBuildFile; fileRef = FD58A7F828242A51009C7784 /* SliderUITests.swift */; };
		FD58A7FB28242A51009C7784 /* SliderUITestsLaunchTests.swift in Sources */ = {isa = PBXBuildFile; fileRef = FD58A7FA28242A51009C7784 /* SliderUITestsLaunchTests.swift */; };
/* End PBXBuildFile section */

/* Begin PBXContainerItemProxy section */
		FD58A7EB28242A51009C7784 /* PBXContainerItemProxy */ = {
			isa = PBXContainerItemProxy;
			containerPortal = FD58A7CC28242A50009C7784 /* Project object */;
			proxyType = 1;
			remoteGlobalIDString = FD58A7D328242A50009C7784;
			remoteInfo = Slider;
		};
		FD58A7F528242A51009C7784 /* PBXContainerItemProxy */ = {
			isa = PBXContainerItemProxy;
			containerPortal = FD58A7CC28242A50009C7784 /* Project object */;
			proxyType = 1;
			remoteGlobalIDString = FD58A7D328242A50009C7784;
			remoteInfo = Slider;
		};
/* End PBXContainerItemProxy section */

/* Begin PBXFileReference section */
		FD58A7D428242A50009C7784 /* Slider.app */ = {isa = PBXFileReference; explicitFileType = wrapper.application; includeInIndex = 0; path = Slider.app; sourceTree = BUILT_PRODUCTS_DIR; };
		FD58A7D728242A50009C7784 /* AppDelegate.swift */ = {isa = PBXFileReference; lastKnownFileType = sourcecode.swift; path = AppDelegate.swift; sourceTree = "<group>"; };
		FD58A7D928242A50009C7784 /* SceneDelegate.swift */ = {isa = PBXFileReference; lastKnownFileType = sourcecode.swift; path = SceneDelegate.swift; sourceTree = "<group>"; };
		FD58A7DB28242A50009C7784 /* ViewController.swift */ = {isa = PBXFileReference; lastKnownFileType = sourcecode.swift; path = ViewController.swift; sourceTree = "<group>"; };
		FD58A7DE28242A50009C7784 /* Base */ = {isa = PBXFileReference; lastKnownFileType = file.storyboard; name = Base; path = Base.lproj/Main.storyboard; sourceTree = "<group>"; };
		FD58A7E028242A50009C7784 /* Assets.xcassets */ = {isa = PBXFileReference; lastKnownFileType = folder.assetcatalog; path = Assets.xcassets; sourceTree = "<group>"; };
		FD58A7E328242A50009C7784 /* Base */ = {isa = PBXFileReference; lastKnownFileType = file.storyboard; name = Base; path = Base.lproj/LaunchScreen.storyboard; sourceTree = "<group>"; };
		FD58A7E528242A50009C7784 /* Info.plist */ = {isa = PBXFileReference; lastKnownFileType = text.plist.xml; path = Info.plist; sourceTree = "<group>"; };
		FD58A7EA28242A51009C7784 /* SliderTests.xctest */ = {isa = PBXFileReference; explicitFileType = wrapper.cfbundle; includeInIndex = 0; path = SliderTests.xctest; sourceTree = BUILT_PRODUCTS_DIR; };
		FD58A7EE28242A51009C7784 /* SliderTests.swift */ = {isa = PBXFileReference; lastKnownFileType = sourcecode.swift; path = SliderTests.swift; sourceTree = "<group>"; };
		FD58A7F428242A51009C7784 /* SliderUITests.xctest */ = {isa = PBXFileReference; explicitFileType = wrapper.cfbundle; includeInIndex = 0; path = SliderUITests.xctest; sourceTree = BUILT_PRODUCTS_DIR; };
		FD58A7F828242A51009C7784 /* SliderUITests.swift */ = {isa = PBXFileReference; lastKnownFileType = sourcecode.swift; path = SliderUITests.swift; sourceTree = "<group>"; };
		FD58A7FA28242A51009C7784 /* SliderUITestsLaunchTests.swift */ = {isa = PBXFileReference; lastKnownFileType = sourcecode.swift; path = SliderUITestsLaunchTests.swift; sourceTree = "<group>"; };
/* End PBXFileReference section */

/* Begin PBXFrameworksBuildPhase section */
		FD58A7D128242A50009C7784 /* Frameworks */ = {
			isa = PBXFrameworksBuildPhase;
			buildActionMask = 2147483647;
			files = (
			);
			runOnlyForDeploymentPostprocessing = 0;
		};
		FD58A7E728242A51009C7784 /* Frameworks */ = {
			isa = PBXFrameworksBuildPhase;
			buildActionMask = 2147483647;
			files = (
			);
			runOnlyForDeploymentPostprocessing = 0;
		};
		FD58A7F128242A51009C7784 /* Frameworks */ = {
			isa = PBXFrameworksBuildPhase;
			buildActionMask = 2147483647;
			files = (
			);
			runOnlyForDeploymentPostprocessing = 0;
		};
/* End PBXFrameworksBuildPhase section */

/* Begin PBXGroup section */
		FD58A7CB28242A50009C7784 = {
			isa = PBXGroup;
			children = (
				FD58A7D628242A50009C7784 /* Slider */,
				FD58A7ED28242A51009C7784 /* SliderTests */,
				FD58A7F728242A51009C7784 /* SliderUITests */,
				FD58A7D528242A50009C7784 /* Products */,
			);
			sourceTree = "<group>";
		};
		FD58A7D528242A50009C7784 /* Products */ = {
			isa = PBXGroup;
			children = (
				FD58A7D428242A50009C7784 /* Slider.app */,
				FD58A7EA28242A51009C7784 /* SliderTests.xctest */,
				FD58A7F428242A51009C7784 /* SliderUITests.xctest */,
			);
			name = Products;
			sourceTree = "<group>";
		};
		FD58A7D628242A50009C7784 /* Slider */ = {
			isa = PBXGroup;
			children = (
				FD58A7D728242A50009C7784 /* AppDelegate.swift */,
				FD58A7D928242A50009C7784 /* SceneDelegate.swift */,
				FD58A7DB28242A50009C7784 /* ViewController.swift */,
				FD58A7DD28242A50009C7784 /* Main.storyboard */,
				FD58A7E028242A50009C7784 /* Assets.xcassets */,
				FD58A7E228242A50009C7784 /* LaunchScreen.storyboard */,
				FD58A7E528242A50009C7784 /* Info.plist */,
			);
			path = Slider;
			sourceTree = "<group>";
		};
		FD58A7ED28242A51009C7784 /* SliderTests */ = {
			isa = PBXGroup;
			children = (
				FD58A7EE28242A51009C7784 /* SliderTests.swift */,
			);
			path = SliderTests;
			sourceTree = "<group>";
		};
		FD58A7F728242A51009C7784 /* SliderUITests */ = {
			isa = PBXGroup;
			children = (
				FD58A7F828242A51009C7784 /* SliderUITests.swift */,
				FD58A7FA28242A51009C7784 /* SliderUITestsLaunchTests.swift */,
			);
			path = SliderUITests;
			sourceTree = "<group>";
		};
/* End PBXGroup section */

/* Begin PBXNativeTarget section */
		FD58A7D328242A50009C7784 /* Slider */ = {
			isa = PBXNativeTarget;
			buildConfigurationList = FD58A7FE28242A51009C7784 /* Build configuration list for PBXNativeTarget "Slider" */;
			buildPhases = (
				FD58A7D028242A50009C7784 /* Sources */,
				FD58A7D128242A50009C7784 /* Frameworks */,
				FD58A7D228242A50009C7784 /* Resources */,
			);
			buildRules = (
			);
			dependencies = (
			);
			name = Slider;
			productName = Slider;
			productReference = FD58A7D428242A50009C7784 /* Slider.app */;
			productType = "com.apple.product-type.application";
		};
		FD58A7E928242A51009C7784 /* SliderTests */ = {
			isa = PBXNativeTarget;
			buildConfigurationList = FD58A80128242A51009C7784 /* Build configuration list for PBXNativeTarget "SliderTests" */;
			buildPhases = (
				FD58A7E628242A51009C7784 /* Sources */,
				FD58A7E728242A51009C7784 /* Frameworks */,
				FD58A7E828242A51009C7784 /* Resources */,
			);
			buildRules = (
			);
			dependencies = (
				FD58A7EC28242A51009C7784 /* PBXTargetDependency */,
			);
			name = SliderTests;
			productName = SliderTests;
			productReference = FD58A7EA28242A51009C7784 /* SliderTests.xctest */;
			productType = "com.apple.product-type.bundle.unit-test";
		};
		FD58A7F328242A51009C7784 /* SliderUITests */ = {
			isa = PBXNativeTarget;
			buildConfigurationList = FD58A80428242A51009C7784 /* Build configuration list for PBXNativeTarget "SliderUITests" */;
			buildPhases = (
				FD58A7F028242A51009C7784 /* Sources */,
				FD58A7F128242A51009C7784 /* Frameworks */,
				FD58A7F228242A51009C7784 /* Resources */,
			);
			buildRules = (
			);
			dependencies = (
				FD58A7F628242A51009C7784 /* PBXTargetDependency */,
			);
			name = SliderUITests;
			productName = SliderUITests;
			productReference = FD58A7F428242A51009C7784 /* SliderUITests.xctest */;
			productType = "com.apple.product-type.bundle.ui-testing";
		};
/* End PBXNativeTarget section */

/* Begin PBXProject section */
		FD58A7CC28242A50009C7784 /* Project object */ = {
			isa = PBXProject;
			attributes = {
				BuildIndependentTargetsInParallel = 1;
				LastSwiftUpdateCheck = 1330;
				LastUpgradeCheck = 1330;
				TargetAttributes = {
					FD58A7D328242A50009C7784 = {
						CreatedOnToolsVersion = 13.3.1;
					};
					FD58A7E928242A51009C7784 = {
						CreatedOnToolsVersion = 13.3.1;
						TestTargetID = FD58A7D328242A50009C7784;
					};
					FD58A7F328242A51009C7784 = {
						CreatedOnToolsVersion = 13.3.1;
						TestTargetID = FD58A7D328242A50009C7784;
					};
				};
			};
			buildConfigurationList = FD58A7CF28242A50009C7784 /* Build configuration list for PBXProject "Slider" */;
			compatibilityVersion = "Xcode 13.0";
			developmentRegion = en;
			hasScannedForEncodings = 0;
			knownRegions = (
				en,
				Base,
			);
			mainGroup = FD58A7CB28242A50009C7784;
			productRefGroup = FD58A7D528242A50009C7784 /* Products */;
			projectDirPath = "";
			projectRoot = "";
			targets = (
				FD58A7D328242A50009C7784 /* Slider */,
				FD58A7E928242A51009C7784 /* SliderTests */,
				FD58A7F328242A51009C7784 /* SliderUITests */,
			);
		};
/* End PBXProject section */

/* Begin PBXResourcesBuildPhase section */
		FD58A7D228242A50009C7784 /* Resources */ = {
			isa = PBXResourcesBuildPhase;
			buildActionMask = 2147483647;
			files = (
				FD58A7E428242A50009C7784 /* LaunchScreen.storyboard in Resources */,
				FD58A7E128242A50009C7784 /* Assets.xcassets in Resources */,
				FD58A7DF28242A50009C7784 /* Main.storyboard in Resources */,
			);
			runOnlyForDeploymentPostprocessing = 0;
		};
		FD58A7E828242A51009C7784 /* Resources */ = {
			isa = PBXResourcesBuildPhase;
			buildActionMask = 2147483647;
			files = (
			);
			runOnlyForDeploymentPostprocessing = 0;
		};
		FD58A7F228242A51009C7784 /* Resources */ = {
			isa = PBXResourcesBuildPhase;
			buildActionMask = 2147483647;
			files = (
			);
			runOnlyForDeploymentPostprocessing = 0;
		};
/* End PBXResourcesBuildPhase section */

/* Begin PBXSourcesBuildPhase section */
		FD58A7D028242A50009C7784 /* Sources */ = {
			isa = PBXSourcesBuildPhase;
			buildActionMask = 2147483647;
			files = (
				FD58A7DC28242A50009C7784 /* ViewController.swift in Sources */,
				FD58A7D828242A50009C7784 /* AppDelegate.swift in Sources */,
				FD58A7DA28242A50009C7784 /* SceneDelegate.swift in Sources */,
			);
			runOnlyForDeploymentPostprocessing = 0;
		};
		FD58A7E628242A51009C7784 /* Sources */ = {
			isa = PBXSourcesBuildPhase;
			buildActionMask = 2147483647;
			files = (
				FD58A7EF28242A51009C7784 /* SliderTests.swift in Sources */,
			);
			runOnlyForDeploymentPostprocessing = 0;
		};
		FD58A7F028242A51009C7784 /* Sources */ = {
			isa = PBXSourcesBuildPhase;
			buildActionMask = 2147483647;
			files = (
				FD58A7F928242A51009C7784 /* SliderUITests.swift in Sources */,
				FD58A7FB28242A51009C7784 /* SliderUITestsLaunchTests.swift in Sources */,
			);
			runOnlyForDeploymentPostprocessing = 0;
		};
/* End PBXSourcesBuildPhase section */

/* Begin PBXTargetDependency section */
		FD58A7EC28242A51009C7784 /* PBXTargetDependency */ = {
			isa = PBXTargetDependency;
			target = FD58A7D328242A50009C7784 /* Slider */;
			targetProxy = FD58A7EB28242A51009C7784 /* PBXContainerItemProxy */;
		};
		FD58A7F628242A51009C7784 /* PBXTargetDependency */ = {
			isa = PBXTargetDependency;
			target = FD58A7D328242A50009C7784 /* Slider */;
			targetProxy = FD58A7F528242A51009C7784 /* PBXContainerItemProxy */;
		};
/* End PBXTargetDependency section */

/* Begin PBXVariantGroup section */
		FD58A7DD28242A50009C7784 /* Main.storyboard */ = {
			isa = PBXVariantGroup;
			children = (
				FD58A7DE28242A50009C7784 /* Base */,
			);
			name = Main.storyboard;
			sourceTree = "<group>";
		};
		FD58A7E228242A50009C7784 /* LaunchScreen.storyboard */ = {
			isa = PBXVariantGroup;
			children = (
				FD58A7E328242A50009C7784 /* Base */,
			);
			name = LaunchScreen.storyboard;
			sourceTree = "<group>";
		};
/* End PBXVariantGroup section */

/* Begin XCBuildConfiguration section */
		FD58A7FC28242A51009C7784 /* Debug */ = {
			isa = XCBuildConfiguration;
			buildSettings = {
				ALWAYS_SEARCH_USER_PATHS = NO;
				CLANG_ANALYZER_NONNULL = YES;
				CLANG_ANALYZER_NUMBER_OBJECT_CONVERSION = YES_AGGRESSIVE;
				CLANG_CXX_LANGUAGE_STANDARD = "gnu++17";
				CLANG_ENABLE_MODULES = YES;
				CLANG_ENABLE_OBJC_ARC = YES;
				CLANG_ENABLE_OBJC_WEAK = YES;
				CLANG_WARN_BLOCK_CAPTURE_AUTORELEASING = YES;
				CLANG_WARN_BOOL_CONVERSION = YES;
				CLANG_WARN_COMMA = YES;
				CLANG_WARN_CONSTANT_CONVERSION = YES;
				CLANG_WARN_DEPRECATED_OBJC_IMPLEMENTATIONS = YES;
				CLANG_WARN_DIRECT_OBJC_ISA_USAGE = YES_ERROR;
				CLANG_WARN_DOCUMENTATION_COMMENTS = YES;
				CLANG_WARN_EMPTY_BODY = YES;
				CLANG_WARN_ENUM_CONVERSION = YES;
				CLANG_WARN_INFINITE_RECURSION = YES;
				CLANG_WARN_INT_CONVERSION = YES;
				CLANG_WARN_NON_LITERAL_NULL_CONVERSION = YES;
				CLANG_WARN_OBJC_IMPLICIT_RETAIN_SELF = YES;
				CLANG_WARN_OBJC_LITERAL_CONVERSION = YES;
				CLANG_WARN_OBJC_ROOT_CLASS = YES_ERROR;
				CLANG_WARN_QUOTED_INCLUDE_IN_FRAMEWORK_HEADER = YES;
				CLANG_WARN_RANGE_LOOP_ANALYSIS = YES;
				CLANG_WARN_STRICT_PROTOTYPES = YES;
				CLANG_WARN_SUSPICIOUS_MOVE = YES;
				CLANG_WARN_UNGUARDED_AVAILABILITY = YES_AGGRESSIVE;
				CLANG_WARN_UNREACHABLE_CODE = YES;
				CLANG_WARN__DUPLICATE_METHOD_MATCH = YES;
				COPY_PHASE_STRIP = NO;
				DEBUG_INFORMATION_FORMAT = dwarf;
				ENABLE_STRICT_OBJC_MSGSEND = YES;
				ENABLE_TESTABILITY = YES;
				GCC_C_LANGUAGE_STANDARD = gnu11;
				GCC_DYNAMIC_NO_PIC = NO;
				GCC_NO_COMMON_BLOCKS = YES;
				GCC_OPTIMIZATION_LEVEL = 0;
				GCC_PREPROCESSOR_DEFINITIONS = (
					"DEBUG=1",
					"$(inherited)",
				);
				GCC_WARN_64_TO_32_BIT_CONVERSION = YES;
				GCC_WARN_ABOUT_RETURN_TYPE = YES_ERROR;
				GCC_WARN_UNDECLARED_SELECTOR = YES;
				GCC_WARN_UNINITIALIZED_AUTOS = YES_AGGRESSIVE;
				GCC_WARN_UNUSED_FUNCTION = YES;
				GCC_WARN_UNUSED_VARIABLE = YES;
				IPHONEOS_DEPLOYMENT_TARGET = 15.4;
				MTL_ENABLE_DEBUG_INFO = INCLUDE_SOURCE;
				MTL_FAST_MATH = YES;
				ONLY_ACTIVE_ARCH = YES;
				SDKROOT = iphoneos;
				SWIFT_ACTIVE_COMPILATION_CONDITIONS = DEBUG;
				SWIFT_OPTIMIZATION_LEVEL = "-Onone";
			};
			name = Debug;
		};
		FD58A7FD28242A51009C7784 /* Release */ = {
			isa = XCBuildConfiguration;
			buildSettings = {
				ALWAYS_SEARCH_USER_PATHS = NO;
				CLANG_ANALYZER_NONNULL = YES;
				CLANG_ANALYZER_NUMBER_OBJECT_CONVERSION = YES_AGGRESSIVE;
				CLANG_CXX_LANGUAGE_STANDARD = "gnu++17";
				CLANG_ENABLE_MODULES = YES;
				CLANG_ENABLE_OBJC_ARC = YES;
				CLANG_ENABLE_OBJC_WEAK = YES;
				CLANG_WARN_BLOCK_CAPTURE_AUTORELEASING = YES;
				CLANG_WARN_BOOL_CONVERSION = YES;
				CLANG_WARN_COMMA = YES;
				CLANG_WARN_CONSTANT_CONVERSION = YES;
				CLANG_WARN_DEPRECATED_OBJC_IMPLEMENTATIONS = YES;
				CLANG_WARN_DIRECT_OBJC_ISA_USAGE = YES_ERROR;
				CLANG_WARN_DOCUMENTATION_COMMENTS = YES;
				CLANG_WARN_EMPTY_BODY = YES;
				CLANG_WARN_ENUM_CONVERSION = YES;
				CLANG_WARN_INFINITE_RECURSION = YES;
				CLANG_WARN_INT_CONVERSION = YES;
				CLANG_WARN_NON_LITERAL_NULL_CONVERSION = YES;
				CLANG_WARN_OBJC_IMPLICIT_RETAIN_SELF = YES;
				CLANG_WARN_OBJC_LITERAL_CONVERSION = YES;
				CLANG_WARN_OBJC_ROOT_CLASS = YES_ERROR;
				CLANG_WARN_QUOTED_INCLUDE_IN_FRAMEWORK_HEADER = YES;
				CLANG_WARN_RANGE_LOOP_ANALYSIS = YES;
				CLANG_WARN_STRICT_PROTOTYPES = YES;
				CLANG_WARN_SUSPICIOUS_MOVE = YES;
				CLANG_WARN_UNGUARDED_AVAILABILITY = YES_AGGRESSIVE;
				CLANG_WARN_UNREACHABLE_CODE = YES;
				CLANG_WARN__DUPLICATE_METHOD_MATCH = YES;
				COPY_PHASE_STRIP = NO;
				DEBUG_INFORMATION_FORMAT = "dwarf-with-dsym";
				ENABLE_NS_ASSERTIONS = NO;
				ENABLE_STRICT_OBJC_MSGSEND = YES;
				GCC_C_LANGUAGE_STANDARD = gnu11;
				GCC_NO_COMMON_BLOCKS = YES;
				GCC_WARN_64_TO_32_BIT_CONVERSION = YES;
				GCC_WARN_ABOUT_RETURN_TYPE = YES_ERROR;
				GCC_WARN_UNDECLARED_SELECTOR = YES;
				GCC_WARN_UNINITIALIZED_AUTOS = YES_AGGRESSIVE;
				GCC_WARN_UNUSED_FUNCTION = YES;
				GCC_WARN_UNUSED_VARIABLE = YES;
				IPHONEOS_DEPLOYMENT_TARGET = 15.4;
				MTL_ENABLE_DEBUG_INFO = NO;
				MTL_FAST_MATH = YES;
				SDKROOT = iphoneos;
				SWIFT_COMPILATION_MODE = wholemodule;
				SWIFT_OPTIMIZATION_LEVEL = "-O";
				VALIDATE_PRODUCT = YES;
			};
			name = Release;
		};
		FD58A7FF28242A51009C7784 /* Debug */ = {
			isa = XCBuildConfiguration;
			buildSettings = {
				ASSETCATALOG_COMPILER_APPICON_NAME = AppIcon;
				ASSETCATALOG_COMPILER_GLOBAL_ACCENT_COLOR_NAME = AccentColor;
				CODE_SIGN_STYLE = Automatic;
				CURRENT_PROJECT_VERSION = 1;
				GENERATE_INFOPLIST_FILE = YES;
				INFOPLIST_FILE = Slider/Info.plist;
				INFOPLIST_KEY_UIApplicationSupportsIndirectInputEvents = YES;
				INFOPLIST_KEY_UILaunchStoryboardName = LaunchScreen;
				INFOPLIST_KEY_UIMainStoryboardFile = Main;
				INFOPLIST_KEY_UISupportedInterfaceOrientations_iPad = "UIInterfaceOrientationPortrait UIInterfaceOrientationPortraitUpsideDown UIInterfaceOrientationLandscapeLeft UIInterfaceOrientationLandscapeRight";
				INFOPLIST_KEY_UISupportedInterfaceOrientations_iPhone = "UIInterfaceOrientationPortrait UIInterfaceOrientationLandscapeLeft UIInterfaceOrientationLandscapeRight";
				LD_RUNPATH_SEARCH_PATHS = (
					"$(inherited)",
					"@executable_path/Frameworks",
				);
				MARKETING_VERSION = 1.0;
				PRODUCT_BUNDLE_IDENTIFIER = AV.Slider;
				PRODUCT_NAME = "$(TARGET_NAME)";
				SWIFT_EMIT_LOC_STRINGS = YES;
				SWIFT_VERSION = 5.0;
				TARGETED_DEVICE_FAMILY = "1,2";
			};
			name = Debug;
		};
		FD58A80028242A51009C7784 /* Release */ = {
			isa = XCBuildConfiguration;
			buildSettings = {
				ASSETCATALOG_COMPILER_APPICON_NAME = AppIcon;
				ASSETCATALOG_COMPILER_GLOBAL_ACCENT_COLOR_NAME = AccentColor;
				CODE_SIGN_STYLE = Automatic;
				CURRENT_PROJECT_VERSION = 1;
				GENERATE_INFOPLIST_FILE = YES;
				INFOPLIST_FILE = Slider/Info.plist;
				INFOPLIST_KEY_UIApplicationSupportsIndirectInputEvents = YES;
				INFOPLIST_KEY_UILaunchStoryboardName = LaunchScreen;
				INFOPLIST_KEY_UIMainStoryboardFile = Main;
				INFOPLIST_KEY_UISupportedInterfaceOrientations_iPad = "UIInterfaceOrientationPortrait UIInterfaceOrientationPortraitUpsideDown UIInterfaceOrientationLandscapeLeft UIInterfaceOrientationLandscapeRight";
				INFOPLIST_KEY_UISupportedInterfaceOrientations_iPhone = "UIInterfaceOrientationPortrait UIInterfaceOrientationLandscapeLeft UIInterfaceOrientationLandscapeRight";
				LD_RUNPATH_SEARCH_PATHS = (
					"$(inherited)",
					"@executable_path/Frameworks",
				);
				MARKETING_VERSION = 1.0;
				PRODUCT_BUNDLE_IDENTIFIER = AV.Slider;
				PRODUCT_NAME = "$(TARGET_NAME)";
				SWIFT_EMIT_LOC_STRINGS = YES;
				SWIFT_VERSION = 5.0;
				TARGETED_DEVICE_FAMILY = "1,2";
			};
			name = Release;
		};
		FD58A80228242A51009C7784 /* Debug */ = {
			isa = XCBuildConfiguration;
			buildSettings = {
				ALWAYS_EMBED_SWIFT_STANDARD_LIBRARIES = YES;
				BUNDLE_LOADER = "$(TEST_HOST)";
				CODE_SIGN_STYLE = Automatic;
				CURRENT_PROJECT_VERSION = 1;
				GENERATE_INFOPLIST_FILE = YES;
				IPHONEOS_DEPLOYMENT_TARGET = 15.4;
				MARKETING_VERSION = 1.0;
				PRODUCT_BUNDLE_IDENTIFIER = AV.SliderTests;
				PRODUCT_NAME = "$(TARGET_NAME)";
				SWIFT_EMIT_LOC_STRINGS = NO;
				SWIFT_VERSION = 5.0;
				TARGETED_DEVICE_FAMILY = "1,2";
				TEST_HOST = "$(BUILT_PRODUCTS_DIR)/Slider.app/Slider";
			};
			name = Debug;
		};
		FD58A80328242A51009C7784 /* Release */ = {
			isa = XCBuildConfiguration;
			buildSettings = {
				ALWAYS_EMBED_SWIFT_STANDARD_LIBRARIES = YES;
				BUNDLE_LOADER = "$(TEST_HOST)";
				CODE_SIGN_STYLE = Automatic;
				CURRENT_PROJECT_VERSION = 1;
				GENERATE_INFOPLIST_FILE = YES;
				IPHONEOS_DEPLOYMENT_TARGET = 15.4;
				MARKETING_VERSION = 1.0;
				PRODUCT_BUNDLE_IDENTIFIER = AV.SliderTests;
				PRODUCT_NAME = "$(TARGET_NAME)";
				SWIFT_EMIT_LOC_STRINGS = NO;
				SWIFT_VERSION = 5.0;
				TARGETED_DEVICE_FAMILY = "1,2";
				TEST_HOST = "$(BUILT_PRODUCTS_DIR)/Slider.app/Slider";
			};
			name = Release;
		};
		FD58A80528242A51009C7784 /* Debug */ = {
			isa = XCBuildConfiguration;
			buildSettings = {
				ALWAYS_EMBED_SWIFT_STANDARD_LIBRARIES = YES;
				CODE_SIGN_STYLE = Automatic;
				CURRENT_PROJECT_VERSION = 1;
				GENERATE_INFOPLIST_FILE = YES;
				MARKETING_VERSION = 1.0;
				PRODUCT_BUNDLE_IDENTIFIER = AV.SliderUITests;
				PRODUCT_NAME = "$(TARGET_NAME)";
				SWIFT_EMIT_LOC_STRINGS = NO;
				SWIFT_VERSION = 5.0;
				TARGETED_DEVICE_FAMILY = "1,2";
				TEST_TARGET_NAME = Slider;
			};
			name = Debug;
		};
		FD58A80628242A51009C7784 /* Release */ = {
			isa = XCBuildConfiguration;
			buildSettings = {
				ALWAYS_EMBED_SWIFT_STANDARD_LIBRARIES = YES;
				CODE_SIGN_STYLE = Automatic;
				CURRENT_PROJECT_VERSION = 1;
				GENERATE_INFOPLIST_FILE = YES;
				MARKETING_VERSION = 1.0;
				PRODUCT_BUNDLE_IDENTIFIER = AV.SliderUITests;
				PRODUCT_NAME = "$(TARGET_NAME)";
				SWIFT_EMIT_LOC_STRINGS = NO;
				SWIFT_VERSION = 5.0;
				TARGETED_DEVICE_FAMILY = "1,2";
				TEST_TARGET_NAME = Slider;
			};
			name = Release;
		};
/* End XCBuildConfiguration section */

/* Begin XCConfigurationList section */
		FD58A7CF28242A50009C7784 /* Build configuration list for PBXProject "Slider" */ = {
			isa = XCConfigurationList;
			buildConfigurations = (
				FD58A7FC28242A51009C7784 /* Debug */,
				FD58A7FD28242A51009C7784 /* Release */,
			);
			defaultConfigurationIsVisible = 0;
			defaultConfigurationName = Release;
		};
		FD58A7FE28242A51009C7784 /* Build configuration list for PBXNativeTarget "Slider" */ = {
			isa = XCConfigurationList;
			buildConfigurations = (
				FD58A7FF28242A51009C7784 /* Debug */,
				FD58A80028242A51009C7784 /* Release */,
			);
			defaultConfigurationIsVisible = 0;
			defaultConfigurationName = Release;
		};
		FD58A80128242A51009C7784 /* Build configuration list for PBXNativeTarget "SliderTests" */ = {
			isa = XCConfigurationList;
			buildConfigurations = (
				FD58A80228242A51009C7784 /* Debug */,
				FD58A80328242A51009C7784 /* Release */,
			);
			defaultConfigurationIsVisible = 0;
			defaultConfigurationName = Release;
		};
		FD58A80428242A51009C7784 /* Build configuration list for PBXNativeTarget "SliderUITests" */ = {
			isa = XCConfigurationList;
			buildConfigurations = (
				FD58A80528242A51009C7784 /* Debug */,
				FD58A80628242A51009C7784 /* Release */,
			);
			defaultConfigurationIsVisible = 0;
			defaultConfigurationName = Release;
		};
/* End XCConfigurationList section */
	};
	rootObject = FD58A7CC28242A50009C7784 /* Project object */;
}
